
Microsoft Visual Studio Solution File, Format Version 12.00
# Visual Studio Version 17
VisualStudioVersion = 17.4.33213.308
MinimumVisualStudioVersion = 10.0.40219.1
Project("{FAE04EC0-301F-11D3-BF4B-00C04F79EFBC}") = "LearnIdentity", "LearnIdentity\LearnIdentity.csproj", "{518D7212-0541-4563-9E35-7EF1CA811582}"
EndProject
Global
	GlobalSection(SolutionConfigurationPlatforms) = preSolution
		Debug|Any CPU = Debug|Any CPU
		Release|Any CPU = Release|Any CPU
	EndGlobalSection
	GlobalSection(ProjectConfigurationPlatforms) = postSolution
		{518D7212-0541-4563-9E35-7EF1CA811582}.Debug|Any CPU.ActiveCfg = Debug|Any CPU
		{518D7212-0541-4563-9E35-7EF1CA811582}.Debug|Any CPU.Build.0 = Debug|Any CPU
		{518D7212-0541-4563-9E35-7EF1CA811582}.Release|Any CPU.ActiveCfg = Release|Any CPU
		{518D7212-0541-4563-9E35-7EF1CA811582}.Release|Any CPU.Build.0 = Release|Any CPU
	EndGlobalSection
	GlobalSection(SolutionProperties) = preSolution
		HideSolutionNode = FALSE
	EndGlobalSection
	GlobalSection(ExtensibilityGlobals) = postSolution
		SolutionGuid = {263300E6-E4CC-4A0E-8AF3-E8469154CB84}
	EndGlobalSection
EndGlobal
